
Microsoft Visual Studio Solution File, Format Version 12.00
# Visual Studio 14
VisualStudioVersion = 14.0.25420.1
MinimumVisualStudioVersion = 10.0.40219.1
Project("{FAE04EC0-301F-11D3-BF4B-00C04F79EFBC}") = "DateTimeNumberPickerForms", "DateTimeNumberPickerForms\DateTimeNumberPickerForms\DateTimeNumberPickerForms.csproj", "{66846E61-5A69-4A32-8291-12A6FB4F70BC}"
EndProject
Project("{FAE04EC0-301F-11D3-BF4B-00C04F79EFBC}") = "DateTimeNumberPickerForms.Droid", "DateTimeNumberPickerForms\DateTimeNumberPickerForms.Droid\DateTimeNumberPickerForms.Droid.csproj", "{843CF7F4-308D-414D-921F-77C08807DEA2}"
EndProject
Project("{FAE04EC0-301F-11D3-BF4B-00C04F79EFBC}") = "DateTimeNumberPickerForms.iOS", "DateTimeNumberPickerForms\DateTimeNumberPickerForms.iOS\DateTimeNumberPickerForms.iOS.csproj", "{BBC8CC6B-E520-4CAE-8E8A-E26CC50AB071}"
EndProject
Global
	GlobalSection(SolutionConfigurationPlatforms) = preSolution
		Ad-Hoc|Any CPU = Ad-Hoc|Any CPU
		Ad-Hoc|iPhone = Ad-Hoc|iPhone
		Ad-Hoc|iPhoneSimulator = Ad-Hoc|iPhoneSimulator
		AppStore|Any CPU = AppStore|Any CPU
		AppStore|iPhone = AppStore|iPhone
		AppStore|iPhoneSimulator = AppStore|iPhoneSimulator
		Debug|Any CPU = Debug|Any CPU
		Debug|iPhone = Debug|iPhone
		Debug|iPhoneSimulator = Debug|iPhoneSimulator
		Release|Any CPU = Release|Any CPU
		Release|iPhone = Release|iPhone
		Release|iPhoneSimulator = Release|iPhoneSimulator
	EndGlobalSection
	GlobalSection(ProjectConfigurationPlatforms) = postSolution
		{66846E61-5A69-4A32-8291-12A6FB4F70BC}.Ad-Hoc|Any CPU.ActiveCfg = Release|Any CPU
		{66846E61-5A69-4A32-8291-12A6FB4F70BC}.Ad-Hoc|Any CPU.Build.0 = Release|Any CPU
		{66846E61-5A69-4A32-8291-12A6FB4F70BC}.Ad-Hoc|iPhone.ActiveCfg = Release|Any CPU
		{66846E61-5A69-4A32-8291-12A6FB4F70BC}.Ad-Hoc|iPhone.Build.0 = Release|Any CPU
		{66846E61-5A69-4A32-8291-12A6FB4F70BC}.Ad-Hoc|iPhoneSimulator.ActiveCfg = Release|Any CPU
		{66846E61-5A69-4A32-8291-12A6FB4F70BC}.Ad-Hoc|iPhoneSimulator.Build.0 = Release|Any CPU
		{66846E61-5A69-4A32-8291-12A6FB4F70BC}.AppStore|Any CPU.ActiveCfg = Release|Any CPU
		{66846E61-5A69-4A32-8291-12A6FB4F70BC}.AppStore|Any CPU.Build.0 = Release|Any CPU
		{66846E61-5A69-4A32-8291-12A6FB4F70BC}.AppStore|iPhone.ActiveCfg = Release|Any CPU
		{66846E61-5A69-4A32-8291-12A6FB4F70BC}.AppStore|iPhone.Build.0 = Release|Any CPU
		{66846E61-5A69-4A32-8291-12A6FB4F70BC}.AppStore|iPhoneSimulator.ActiveCfg = Release|Any CPU
		{66846E61-5A69-4A32-8291-12A6FB4F70BC}.AppStore|iPhoneSimulator.Build.0 = Release|Any CPU
		{66846E61-5A69-4A32-8291-12A6FB4F70BC}.Debug|Any CPU.ActiveCfg = Debug|Any CPU
		{66846E61-5A69-4A32-8291-12A6FB4F70BC}.Debug|Any CPU.Build.0 = Debug|Any CPU
		{66846E61-5A69-4A32-8291-12A6FB4F70BC}.Debug|iPhone.ActiveCfg = Debug|Any CPU
		{66846E61-5A69-4A32-8291-12A6FB4F70BC}.Debug|iPhone.Build.0 = Debug|Any CPU
		{66846E61-5A69-4A32-8291-12A6FB4F70BC}.Debug|iPhoneSimulator.ActiveCfg = Debug|Any CPU
		{66846E61-5A69-4A32-8291-12A6FB4F70BC}.Debug|iPhoneSimulator.Build.0 = Debug|Any CPU
		{66846E61-5A69-4A32-8291-12A6FB4F70BC}.Release|Any CPU.ActiveCfg = Release|Any CPU
		{66846E61-5A69-4A32-8291-12A6FB4F70BC}.Release|Any CPU.Build.0 = Release|Any CPU
		{66846E61-5A69-4A32-8291-12A6FB4F70BC}.Release|iPhone.ActiveCfg = Release|Any CPU
		{66846E61-5A69-4A32-8291-12A6FB4F70BC}.Release|iPhone.Build.0 = Release|Any CPU
		{66846E61-5A69-4A32-8291-12A6FB4F70BC}.Release|iPhoneSimulator.ActiveCfg = Release|Any CPU
		{66846E61-5A69-4A32-8291-12A6FB4F70BC}.Release|iPhoneSimulator.Build.0 = Release|Any CPU
		{843CF7F4-308D-414D-921F-77C08807DEA2}.Ad-Hoc|Any CPU.ActiveCfg = Release|Any CPU
		{843CF7F4-308D-414D-921F-77C08807DEA2}.Ad-Hoc|Any CPU.Build.0 = Release|Any CPU
		{843CF7F4-308D-414D-921F-77C08807DEA2}.Ad-Hoc|Any CPU.Deploy.0 = Release|Any CPU
		{843CF7F4-308D-414D-921F-77C08807DEA2}.Ad-Hoc|iPhone.ActiveCfg = Release|Any CPU
		{843CF7F4-308D-414D-921F-77C08807DEA2}.Ad-Hoc|iPhone.Build.0 = Release|Any CPU
		{843CF7F4-308D-414D-921F-77C08807DEA2}.Ad-Hoc|iPhone.Deploy.0 = Release|Any CPU
		{843CF7F4-308D-414D-921F-77C08807DEA2}.Ad-Hoc|iPhoneSimulator.ActiveCfg = Release|Any CPU
		{843CF7F4-308D-414D-921F-77C08807DEA2}.Ad-Hoc|iPhoneSimulator.Build.0 = Release|Any CPU
		{843CF7F4-308D-414D-921F-77C08807DEA2}.Ad-Hoc|iPhoneSimulator.Deploy.0 = Release|Any CPU
		{843CF7F4-308D-414D-921F-77C08807DEA2}.AppStore|Any CPU.ActiveCfg = Release|Any CPU
		{843CF7F4-308D-414D-921F-77C08807DEA2}.AppStore|Any CPU.Build.0 = Release|Any CPU
		{843CF7F4-308D-414D-921F-77C08807DEA2}.AppStore|Any CPU.Deploy.0 = Release|Any CPU
		{843CF7F4-308D-414D-921F-77C08807DEA2}.AppStore|iPhone.ActiveCfg = Release|Any CPU
		{843CF7F4-308D-414D-921F-77C08807DEA2}.AppStore|iPhone.Build.0 = Release|Any CPU
		{843CF7F4-308D-414D-921F-77C08807DEA2}.AppStore|iPhone.Deploy.0 = Release|Any CPU
		{843CF7F4-308D-414D-921F-77C08807DEA2}.AppStore|iPhoneSimulator.ActiveCfg = Release|Any CPU
		{843CF7F4-308D-414D-921F-77C08807DEA2}.AppStore|iPhoneSimulator.Build.0 = Release|Any CPU
		{843CF7F4-308D-414D-921F-77C08807DEA2}.AppStore|iPhoneSimulator.Deploy.0 = Release|Any CPU
		{843CF7F4-308D-414D-921F-77C08807DEA2}.Debug|Any CPU.ActiveCfg = Debug|Any CPU
		{843CF7F4-308D-414D-921F-77C08807DEA2}.Debug|Any CPU.Build.0 = Debug|Any CPU
		{843CF7F4-308D-414D-921F-77C08807DEA2}.Debug|Any CPU.Deploy.0 = Debug|Any CPU
		{843CF7F4-308D-414D-921F-77C08807DEA2}.Debug|iPhone.ActiveCfg = Debug|Any CPU
		{843CF7F4-308D-414D-921F-77C08807DEA2}.Debug|iPhone.Build.0 = Debug|Any CPU
		{843CF7F4-308D-414D-921F-77C08807DEA2}.Debug|iPhone.Deploy.0 = Debug|Any CPU
		{843CF7F4-308D-414D-921F-77C08807DEA2}.Debug|iPhoneSimulator.ActiveCfg = Debug|Any CPU
		{843CF7F4-308D-414D-921F-77C08807DEA2}.Debug|iPhoneSimulator.Build.0 = Debug|Any CPU
		{843CF7F4-308D-414D-921F-77C08807DEA2}.Debug|iPhoneSimulator.Deploy.0 = Debug|Any CPU
		{843CF7F4-308D-414D-921F-77C08807DEA2}.Release|Any CPU.ActiveCfg = Release|Any CPU
		{843CF7F4-308D-414D-921F-77C08807DEA2}.Release|Any CPU.Build.0 = Release|Any CPU
		{843CF7F4-308D-414D-921F-77C08807DEA2}.Release|Any CPU.Deploy.0 = Release|Any CPU
		{843CF7F4-308D-414D-921F-77C08807DEA2}.Release|iPhone.ActiveCfg = Release|Any CPU
		{843CF7F4-308D-414D-921F-77C08807DEA2}.Release|iPhone.Build.0 = Release|Any CPU
		{843CF7F4-308D-414D-921F-77C08807DEA2}.Release|iPhone.Deploy.0 = Release|Any CPU
		{843CF7F4-308D-414D-921F-77C08807DEA2}.Release|iPhoneSimulator.ActiveCfg = Release|Any CPU
		{843CF7F4-308D-414D-921F-77C08807DEA2}.Release|iPhoneSimulator.Build.0 = Release|Any CPU
		{843CF7F4-308D-414D-921F-77C08807DEA2}.Release|iPhoneSimulator.Deploy.0 = Release|Any CPU
		{BBC8CC6B-E520-4CAE-8E8A-E26CC50AB071}.Ad-Hoc|Any CPU.ActiveCfg = Ad-Hoc|iPhone
		{BBC8CC6B-E520-4CAE-8E8A-E26CC50AB071}.Ad-Hoc|iPhone.ActiveCfg = Ad-Hoc|iPhone
		{BBC8CC6B-E520-4CAE-8E8A-E26CC50AB071}.Ad-Hoc|iPhone.Build.0 = Ad-Hoc|iPhone
		{BBC8CC6B-E520-4CAE-8E8A-E26CC50AB071}.Ad-Hoc|iPhoneSimulator.ActiveCfg = Ad-Hoc|iPhoneSimulator
		{BBC8CC6B-E520-4CAE-8E8A-E26CC50AB071}.Ad-Hoc|iPhoneSimulator.Build.0 = Ad-Hoc|iPhoneSimulator
		{BBC8CC6B-E520-4CAE-8E8A-E26CC50AB071}.AppStore|Any CPU.ActiveCfg = AppStore|iPhone
		{BBC8CC6B-E520-4CAE-8E8A-E26CC50AB071}.AppStore|iPhone.ActiveCfg = AppStore|iPhone
		{BBC8CC6B-E520-4CAE-8E8A-E26CC50AB071}.AppStore|iPhone.Build.0 = AppStore|iPhone
		{BBC8CC6B-E520-4CAE-8E8A-E26CC50AB071}.AppStore|iPhoneSimulator.ActiveCfg = AppStore|iPhoneSimulator
		{BBC8CC6B-E520-4CAE-8E8A-E26CC50AB071}.AppStore|iPhoneSimulator.Build.0 = AppStore|iPhoneSimulator
		{BBC8CC6B-E520-4CAE-8E8A-E26CC50AB071}.Debug|Any CPU.ActiveCfg = Debug|iPhone
		{BBC8CC6B-E520-4CAE-8E8A-E26CC50AB071}.Debug|iPhone.ActiveCfg = Debug|iPhone
		{BBC8CC6B-E520-4CAE-8E8A-E26CC50AB071}.Debug|iPhone.Build.0 = Debug|iPhone
		{BBC8CC6B-E520-4CAE-8E8A-E26CC50AB071}.Debug|iPhoneSimulator.ActiveCfg = Debug|iPhoneSimulator
		{BBC8CC6B-E520-4CAE-8E8A-E26CC50AB071}.Debug|iPhoneSimulator.Build.0 = Debug|iPhoneSimulator
		{BBC8CC6B-E520-4CAE-8E8A-E26CC50AB071}.Release|Any CPU.ActiveCfg = Release|iPhone
		{BBC8CC6B-E520-4CAE-8E8A-E26CC50AB071}.Release|iPhone.ActiveCfg = Release|iPhone
		{BBC8CC6B-E520-4CAE-8E8A-E26CC50AB071}.Release|iPhone.Build.0 = Release|iPhone
		{BBC8CC6B-E520-4CAE-8E8A-E26CC50AB071}.Release|iPhoneSimulator.ActiveCfg = Release|iPhoneSimulator
		{BBC8CC6B-E520-4CAE-8E8A-E26CC50AB071}.Release|iPhoneSimulator.Build.0 = Release|iPhoneSimulator
	EndGlobalSection
	GlobalSection(SolutionProperties) = preSolution
		HideSolutionNode = FALSE
	EndGlobalSection
EndGlobal
